
Microsoft Visual Studio Solution File, Format Version 12.00
# Visual Studio Version 17
VisualStudioVersion = 17.13.35825.156 d17.13
MinimumVisualStudioVersion = 10.0.40219.1
Project("{FAE04EC0-301F-11D3-BF4B-00C04F79EFBC}") = "TaskApp", "TaskApp\TaskApp.csproj", "{8FF0B87A-5F12-4257-9313-E0EA96DEA0CE}"
EndProject
Global
	GlobalSection(SolutionConfigurationPlatforms) = preSolution
		Debug|Any CPU = Debug|Any CPU
		Release|Any CPU = Release|Any CPU
	EndGlobalSection
	GlobalSection(ProjectConfigurationPlatforms) = postSolution
		{8FF0B87A-5F12-4257-9313-E0EA96DEA0CE}.Debug|Any CPU.ActiveCfg = Debug|Any CPU
		{8FF0B87A-5F12-4257-9313-E0EA96DEA0CE}.Debug|Any CPU.Build.0 = Debug|Any CPU
		{8FF0B87A-5F12-4257-9313-E0EA96DEA0CE}.Release|Any CPU.ActiveCfg = Release|Any CPU
		{8FF0B87A-5F12-4257-9313-E0EA96DEA0CE}.Release|Any CPU.Build.0 = Release|Any CPU
	EndGlobalSection
	GlobalSection(SolutionProperties) = preSolution
		HideSolutionNode = FALSE
	EndGlobalSection
	GlobalSection(ExtensibilityGlobals) = postSolution
		SolutionGuid = {EB9CBC94-3754-48C3-A887-54210382CCD8}
	EndGlobalSection
EndGlobal
